
Microsoft Visual Studio Solution File, Format Version 12.00
# Visual Studio Version 17
VisualStudioVersion = 17.2.32616.157
MinimumVisualStudioVersion = 10.0.40219.1
Project("{9A19103F-16F7-4668-BE54-9A1E7A4F7556}") = "Lab2", "Lab2\Lab2.csproj", "{AED6A8A9-0DE1-476B-B72B-12D961B84965}"
EndProject
Project("{9A19103F-16F7-4668-BE54-9A1E7A4F7556}") = "NeuronLibrary", "NeuronLibrary\NeuronLibrary.csproj", "{E4B09DCC-9C57-4D41-91A8-EAAD0491479F}"
EndProject
Project("{9A19103F-16F7-4668-BE54-9A1E7A4F7556}") = "NeuronLearningLibrary", "NeuronStudyLibrary\NeuronLearningLibrary.csproj", "{842CCD94-C3F5-46C8-BB85-6F4ADEA78484}"
EndProject
Project("{9A19103F-16F7-4668-BE54-9A1E7A4F7556}") = "Lab3", "Lab3\Lab3.csproj", "{94FC1A1E-4DD6-4DA4-BFF2-FBE963B10575}"
EndProject
Global
	GlobalSection(SolutionConfigurationPlatforms) = preSolution
		Debug|Any CPU = Debug|Any CPU
		Release|Any CPU = Release|Any CPU
	EndGlobalSection
	GlobalSection(ProjectConfigurationPlatforms) = postSolution
		{AED6A8A9-0DE1-476B-B72B-12D961B84965}.Debug|Any CPU.ActiveCfg = Debug|Any CPU
		{AED6A8A9-0DE1-476B-B72B-12D961B84965}.Debug|Any CPU.Build.0 = Debug|Any CPU
		{AED6A8A9-0DE1-476B-B72B-12D961B84965}.Release|Any CPU.ActiveCfg = Release|Any CPU
		{AED6A8A9-0DE1-476B-B72B-12D961B84965}.Release|Any CPU.Build.0 = Release|Any CPU
		{E4B09DCC-9C57-4D41-91A8-EAAD0491479F}.Debug|Any CPU.ActiveCfg = Debug|Any CPU
		{E4B09DCC-9C57-4D41-91A8-EAAD0491479F}.Debug|Any CPU.Build.0 = Debug|Any CPU
		{E4B09DCC-9C57-4D41-91A8-EAAD0491479F}.Release|Any CPU.ActiveCfg = Release|Any CPU
		{E4B09DCC-9C57-4D41-91A8-EAAD0491479F}.Release|Any CPU.Build.0 = Release|Any CPU
		{842CCD94-C3F5-46C8-BB85-6F4ADEA78484}.Debug|Any CPU.ActiveCfg = Debug|Any CPU
		{842CCD94-C3F5-46C8-BB85-6F4ADEA78484}.Debug|Any CPU.Build.0 = Debug|Any CPU
		{842CCD94-C3F5-46C8-BB85-6F4ADEA78484}.Release|Any CPU.ActiveCfg = Release|Any CPU
		{842CCD94-C3F5-46C8-BB85-6F4ADEA78484}.Release|Any CPU.Build.0 = Release|Any CPU
		{94FC1A1E-4DD6-4DA4-BFF2-FBE963B10575}.Debug|Any CPU.ActiveCfg = Debug|Any CPU
		{94FC1A1E-4DD6-4DA4-BFF2-FBE963B10575}.Debug|Any CPU.Build.0 = Debug|Any CPU
		{94FC1A1E-4DD6-4DA4-BFF2-FBE963B10575}.Release|Any CPU.ActiveCfg = Release|Any CPU
		{94FC1A1E-4DD6-4DA4-BFF2-FBE963B10575}.Release|Any CPU.Build.0 = Release|Any CPU
	EndGlobalSection
	GlobalSection(SolutionProperties) = preSolution
		HideSolutionNode = FALSE
	EndGlobalSection
	GlobalSection(ExtensibilityGlobals) = postSolution
		SolutionGuid = {F6CC9540-7164-4652-82F5-C854642A2E63}
	EndGlobalSection
EndGlobal
